
Microsoft Visual Studio Solution File, Format Version 12.00
# Visual Studio 2012
Project("{FAE04EC0-301F-11D3-BF4B-00C04F79EFBC}") = "Autentificacion", "Autentificador\Autentificacion.csproj", "{C2CF4EFA-8989-421B-841E-0CBA3C25451A}"
EndProject
Project("{FAE04EC0-301F-11D3-BF4B-00C04F79EFBC}") = "Autentificacion.TextFileTest", "Autentificacion.TextFileTest\Autentificacion.TextFileTest.csproj", "{44B5D8FC-1E85-4447-9EE3-7F2F07F35518}"
EndProject
Global
	GlobalSection(TeamFoundationVersionControl) = preSolution
		SccNumberOfProjects = 3
		SccEnterpriseProvider = {4CA58AB2-18FA-4F8D-95D4-32DDF27D184C}
		SccTeamFoundationServer = http://150.214.150.106:8080/tfs/2012-pss-alumnos
		SccLocalPath0 = .
		SccProjectUniqueName1 = Autentificacion.TextFileTest\\Autentificacion.TextFileTest.csproj
		SccProjectName1 = Autentificacion.TextFileTest
		SccLocalPath1 = Autentificacion.TextFileTest
		SccProjectUniqueName2 = Autentificador\\Autentificacion.csproj
		SccProjectName2 = Autentificador
		SccLocalPath2 = Autentificador
	EndGlobalSection
	GlobalSection(SolutionConfigurationPlatforms) = preSolution
		Debug|Any CPU = Debug|Any CPU
		Release|Any CPU = Release|Any CPU
	EndGlobalSection
	GlobalSection(ProjectConfigurationPlatforms) = postSolution
		{C2CF4EFA-8989-421B-841E-0CBA3C25451A}.Debug|Any CPU.ActiveCfg = Debug|Any CPU
		{C2CF4EFA-8989-421B-841E-0CBA3C25451A}.Debug|Any CPU.Build.0 = Debug|Any CPU
		{C2CF4EFA-8989-421B-841E-0CBA3C25451A}.Release|Any CPU.ActiveCfg = Release|Any CPU
		{C2CF4EFA-8989-421B-841E-0CBA3C25451A}.Release|Any CPU.Build.0 = Release|Any CPU
		{44B5D8FC-1E85-4447-9EE3-7F2F07F35518}.Debug|Any CPU.ActiveCfg = Debug|Any CPU
		{44B5D8FC-1E85-4447-9EE3-7F2F07F35518}.Debug|Any CPU.Build.0 = Debug|Any CPU
		{44B5D8FC-1E85-4447-9EE3-7F2F07F35518}.Release|Any CPU.ActiveCfg = Release|Any CPU
		{44B5D8FC-1E85-4447-9EE3-7F2F07F35518}.Release|Any CPU.Build.0 = Release|Any CPU
	EndGlobalSection
	GlobalSection(SolutionProperties) = preSolution
		HideSolutionNode = FALSE
	EndGlobalSection
EndGlobal
