
Microsoft Visual Studio Solution File, Format Version 12.00
# Visual Studio 2012
Project("{FAE04EC0-301F-11D3-BF4B-00C04F79EFBC}") = "BingoUnitTest", "BingoUnitTest\BingoUnitTest.csproj", "{39C55ADC-D969-496B-AF6A-04AE77217045}"
EndProject
Project("{FAE04EC0-301F-11D3-BF4B-00C04F79EFBC}") = "BingoClassLibrary", "BingoClassLibrary\BingoClassLibrary.csproj", "{A0027DBF-F818-4C93-9B3E-E9E0F33BF481}"
EndProject
Global
	GlobalSection(TeamFoundationVersionControl) = preSolution
		SccNumberOfProjects = 3
		SccEnterpriseProvider = {4CA58AB2-18FA-4F8D-95D4-32DDF27D184C}
		SccTeamFoundationServer = http://150.214.150.106:8080/tfs/2012-pss-alumnos
		SccLocalPath0 = .
		SccProjectUniqueName1 = BingoUnitTest\\BingoUnitTest.csproj
		SccProjectName1 = BingoUnitTest
		SccLocalPath1 = BingoUnitTest
		SccProjectUniqueName2 = BingoClassLibrary\\BingoClassLibrary.csproj
		SccProjectName2 = BingoClassLibrary
		SccLocalPath2 = BingoClassLibrary
	EndGlobalSection
	GlobalSection(SolutionConfigurationPlatforms) = preSolution
		Debug|Any CPU = Debug|Any CPU
		Release|Any CPU = Release|Any CPU
	EndGlobalSection
	GlobalSection(ProjectConfigurationPlatforms) = postSolution
		{39C55ADC-D969-496B-AF6A-04AE77217045}.Debug|Any CPU.ActiveCfg = Debug|Any CPU
		{39C55ADC-D969-496B-AF6A-04AE77217045}.Debug|Any CPU.Build.0 = Debug|Any CPU
		{39C55ADC-D969-496B-AF6A-04AE77217045}.Release|Any CPU.ActiveCfg = Release|Any CPU
		{39C55ADC-D969-496B-AF6A-04AE77217045}.Release|Any CPU.Build.0 = Release|Any CPU
		{A0027DBF-F818-4C93-9B3E-E9E0F33BF481}.Debug|Any CPU.ActiveCfg = Debug|Any CPU
		{A0027DBF-F818-4C93-9B3E-E9E0F33BF481}.Debug|Any CPU.Build.0 = Debug|Any CPU
		{A0027DBF-F818-4C93-9B3E-E9E0F33BF481}.Release|Any CPU.ActiveCfg = Release|Any CPU
		{A0027DBF-F818-4C93-9B3E-E9E0F33BF481}.Release|Any CPU.Build.0 = Release|Any CPU
	EndGlobalSection
	GlobalSection(SolutionProperties) = preSolution
		HideSolutionNode = FALSE
	EndGlobalSection
EndGlobal
