
Microsoft Visual Studio Solution File, Format Version 12.00
# Visual Studio 2012
Project("{FAE04EC0-301F-11D3-BF4B-00C04F79EFBC}") = "HolaMundo", "HolaMundo\HolaMundo.csproj", "{DD4C5BE0-08C4-4401-ACB2-79D7768F7FDE}"
EndProject
Global
	GlobalSection(TeamFoundationVersionControl) = preSolution
		SccNumberOfProjects = 2
		SccEnterpriseProvider = {4CA58AB2-18FA-4F8D-95D4-32DDF27D184C}
		SccTeamFoundationServer = http://150.214.150.106:8080/tfs/2012-pss-alumnos
		SccLocalPath0 = .
		SccProjectUniqueName1 = HolaMundo\\HolaMundo.csproj
		SccProjectName1 = HolaMundo
		SccLocalPath1 = HolaMundo
	EndGlobalSection
	GlobalSection(SolutionConfigurationPlatforms) = preSolution
		Debug|Any CPU = Debug|Any CPU
		Release|Any CPU = Release|Any CPU
	EndGlobalSection
	GlobalSection(ProjectConfigurationPlatforms) = postSolution
		{DD4C5BE0-08C4-4401-ACB2-79D7768F7FDE}.Debug|Any CPU.ActiveCfg = Debug|Any CPU
		{DD4C5BE0-08C4-4401-ACB2-79D7768F7FDE}.Debug|Any CPU.Build.0 = Debug|Any CPU
		{DD4C5BE0-08C4-4401-ACB2-79D7768F7FDE}.Release|Any CPU.ActiveCfg = Release|Any CPU
		{DD4C5BE0-08C4-4401-ACB2-79D7768F7FDE}.Release|Any CPU.Build.0 = Release|Any CPU
	EndGlobalSection
	GlobalSection(SolutionProperties) = preSolution
		HideSolutionNode = FALSE
	EndGlobalSection
EndGlobal
